lockfileVersion: '9.0'

settings:
  autoInstallPeers: true
  excludeLinksFromLockfile: false

importers:

  .:
    dependencies:
      '@types/autosize':
        specifier: ^4.0.3
        version: 4.0.3
      '@types/rails__activestorage':
        specifier: ^8.0.1
        version: 8.0.1
      filepond:
        specifier: ^4.32.10
        version: 4.32.10
      iglu:
        specifier: ^3.1.0
        version: 3.1.0
      typescript:
        specifier: ^5.9.3
        version: 5.9.3

packages:

  '@types/autosize@4.0.3':
    resolution: {integrity: sha512-o0ZyU3ePp3+KRbhHsY4ogjc+ZQWgVN5h6j8BHW5RII4cFKi6PEKK9QPAcphJVkD0dGpyFnD3VRR0WMvHVjCv9w==}

  '@types/rails__activestorage@8.0.1':
    resolution: {integrity: sha512-gwUZjLHyllzSEmegCXfkL11PrpZ/3Z+vCXBbYWgIdtX0ChfjtZcKq7HGfXYO5v5UYGLYenjGH3u8U+PpnA3dhg==}

  filepond@4.32.10:
    resolution: {integrity: sha512-uflpIL+rfAgsYk7HgXugh7ELlHNHLTPtIHfvuq0gv3x2qNfVxdGA6T7RPxMh9Vji8ysXstXkDHVXQ4hY38MPTQ==}

  iglu@3.1.0:
    resolution: {integrity: sha512-sv/8juL11n2H74YhI/hhIqTHjFQHUY2HyyoM+IjS28j58Lsn4lVi93k8csQt+zzNGlMfyhwkGiVvdQ4Q5cFQqA==}

  typescript@5.9.3:
    resolution: {integrity: sha512-jl1vZzPDinLr9eUt3J/t7V6FgNEw9QjvBPdysz9KfQDD41fQrC2Y4vKQdiaUpFT4bXlb1RHhLpp8wtm6M5TgSw==}
    engines: {node: '>=14.17'}
    hasBin: true

snapshots:

  '@types/autosize@4.0.3': {}

  '@types/rails__activestorage@8.0.1': {}

  filepond@4.32.10: {}

  iglu@3.1.0: {}

  typescript@5.9.3: {}
