# THIS IS AN AUTOGENERATED FILE. DO NOT EDIT THIS FILE DIRECTLY.
# yarn lockfile v1


"@types/autosize@^4.0.1":
  version "4.0.3"
  resolved "https://registry.yarnpkg.com/@types/autosize/-/autosize-4.0.3.tgz#77548c35bca4cc6281593228cde9a50112e1f94c"
  integrity sha512-o0ZyU3ePp3+KRbhHsY4ogjc+ZQWgVN5h6j8BHW5RII4cFKi6PEKK9QPAcphJVkD0dGpyFnD3VRR0WMvHVjCv9w==

typescript@^5.6.2:
  version "5.7.3"
  resolved "https://registry.yarnpkg.com/typescript/-/typescript-5.7.3.tgz#919b44a7dbb8583a9b856d162be24a54bf80073e"
  integrity sha512-84MVSjMEHP+FQRPy3pX9sTVV/INIex71s9TL2Gm5FG/WG1SqXeKyZ0k7/blY/4FdOzI12CBy1vGc4og/eus0fw==
